
Microsoft Visual Studio Solution File, Format Version 12.00
# Visual Studio Version 16
VisualStudioVersion = 16.0.31410.357
MinimumVisualStudioVersion = 10.0.40219.1
Project("{FAE04EC0-301F-11D3-BF4B-00C04F79EFBC}") = "MyTasks", "MyTasks\MyTasks.csproj", "{EFCF25B7-D9C1-4797-9B6F-7FDFF16E501F}"
EndProject
Global
	GlobalSection(SolutionConfigurationPlatforms) = preSolution
		Debug|Any CPU = Debug|Any CPU
		Release|Any CPU = Release|Any CPU
	EndGlobalSection
	GlobalSection(ProjectConfigurationPlatforms) = postSolution
		{EFCF25B7-D9C1-4797-9B6F-7FDFF16E501F}.Debug|Any CPU.ActiveCfg = Debug|Any CPU
		{EFCF25B7-D9C1-4797-9B6F-7FDFF16E501F}.Debug|Any CPU.Build.0 = Debug|Any CPU
		{EFCF25B7-D9C1-4797-9B6F-7FDFF16E501F}.Release|Any CPU.ActiveCfg = Release|Any CPU
		{EFCF25B7-D9C1-4797-9B6F-7FDFF16E501F}.Release|Any CPU.Build.0 = Release|Any CPU
	EndGlobalSection
	GlobalSection(SolutionProperties) = preSolution
		HideSolutionNode = FALSE
	EndGlobalSection
	GlobalSection(ExtensibilityGlobals) = postSolution
		SolutionGuid = {D7E2908B-638D-485B-A859-4D4B49C2FFFA}
	EndGlobalSection
EndGlobal
